// !$*UTF8*$!
{
	archiveVersion = 1;
	classes = {
	};
	objectVersion = 50;
	objects = {

/* Begin PBXBuildFile section */
		4D6A5A31266D40F9003F7CB8 /* ApiEndpointItem.swift in Sources */ = {isa = PBXBuildFile; fileRef = 4D6A5A30266D40F9003F7CB8 /* ApiEndpointItem.swift */; };
		4D6A5A33266D4161003F7CB8 /* NetworkEnvironment.swift in Sources */ = {isa = PBXBuildFile; fileRef = 4D6A5A32266D4161003F7CB8 /* NetworkEnvironment.swift */; };
		4D6A5A35266D4282003F7CB8 /* ApiManager.swift in Sources */ = {isa = PBXBuildFile; fileRef = 4D6A5A34266D4282003F7CB8 /* ApiManager.swift */; };
		4D6A5A37266D48BC003F7CB8 /* PostListService.swift in Sources */ = {isa = PBXBuildFile; fileRef = 4D6A5A36266D48BC003F7CB8 /* PostListService.swift */; };
		4D6A5A3C266D4A29003F7CB8 /* APIResponse.swift in Sources */ = {isa = PBXBuildFile; fileRef = 4D6A5A3B266D4A29003F7CB8 /* APIResponse.swift */; };
		4D6A5A40266D4B0B003F7CB8 /* PostListModel.swift in Sources */ = {isa = PBXBuildFile; fileRef = 4D6A5A3F266D4B0B003F7CB8 /* PostListModel.swift */; };
		4D6A5A42266D4B34003F7CB8 /* PostModel.swift in Sources */ = {isa = PBXBuildFile; fileRef = 4D6A5A41266D4B34003F7CB8 /* PostModel.swift */; };
		4D6A5A44266D4C37003F7CB8 /* PostTypeModel.swift in Sources */ = {isa = PBXBuildFile; fileRef = 4D6A5A43266D4C37003F7CB8 /* PostTypeModel.swift */; };
		4D6A5A46266D4C98003F7CB8 /* ContentModel.swift in Sources */ = {isa = PBXBuildFile; fileRef = 4D6A5A45266D4C98003F7CB8 /* ContentModel.swift */; };
		4D6A5A48266D4CD2003F7CB8 /* ContentDataModel.swift in Sources */ = {isa = PBXBuildFile; fileRef = 4D6A5A47266D4CD2003F7CB8 /* ContentDataModel.swift */; };
		4D6A5A4A266D4D06003F7CB8 /* ExtraLargeModel.swift in Sources */ = {isa = PBXBuildFile; fileRef = 4D6A5A49266D4D06003F7CB8 /* ExtraLargeModel.swift */; };
		4D6A5A4C266D4D26003F7CB8 /* SizeModel.swift in Sources */ = {isa = PBXBuildFile; fileRef = 4D6A5A4B266D4D26003F7CB8 /* SizeModel.swift */; };
		4D6A5A4E266D4D44003F7CB8 /* PreviewImageModel.swift in Sources */ = {isa = PBXBuildFile; fileRef = 4D6A5A4D266D4D44003F7CB8 /* PreviewImageModel.swift */; };
		4D6A5A50266D4D72003F7CB8 /* BannerTypeModel.swift in Sources */ = {isa = PBXBuildFile; fileRef = 4D6A5A4F266D4D72003F7CB8 /* BannerTypeModel.swift */; };
		4D6A5A52266D4DB6003F7CB8 /* AuthorModel.swift in Sources */ = {isa = PBXBuildFile; fileRef = 4D6A5A51266D4DB6003F7CB8 /* AuthorModel.swift */; };
		4D6A5A54266D4DFD003F7CB8 /* PhotoModel.swift in Sources */ = {isa = PBXBuildFile; fileRef = 4D6A5A53266D4DFD003F7CB8 /* PhotoModel.swift */; };
		4D6A5A56266D4E18003F7CB8 /* PhotoDataModel.swift in Sources */ = {isa = PBXBuildFile; fileRef = 4D6A5A55266D4E18003F7CB8 /* PhotoDataModel.swift */; };
		4D6A5A58266D4E47003F7CB8 /* StatsModel.swift in Sources */ = {isa = PBXBuildFile; fileRef = 4D6A5A57266D4E47003F7CB8 /* StatsModel.swift */; };
		4D6A5A5A266D4E83003F7CB8 /* CommentsModel.swift in Sources */ = {isa = PBXBuildFile; fileRef = 4D6A5A59266D4E83003F7CB8 /* CommentsModel.swift */; };
		4D6A5A65266D5181003F7CB8 /* PostListPresenter.swift in Sources */ = {isa = PBXBuildFile; fileRef = 4D6A5A5F266D5181003F7CB8 /* PostListPresenter.swift */; };
		4D6A5A67266D5181003F7CB8 /* PostListRouter.swift in Sources */ = {isa = PBXBuildFile; fileRef = 4D6A5A61266D5181003F7CB8 /* PostListRouter.swift */; };
		4D6A5A68266D5181003F7CB8 /* PostListModels.swift in Sources */ = {isa = PBXBuildFile; fileRef = 4D6A5A62266D5181003F7CB8 /* PostListModels.swift */; };
		4D6A5A69266D5181003F7CB8 /* PostListViewController.swift in Sources */ = {isa = PBXBuildFile; fileRef = 4D6A5A63266D5181003F7CB8 /* PostListViewController.swift */; };
		4D6A5A6A266D5181003F7CB8 /* PostListInteractor.swift in Sources */ = {isa = PBXBuildFile; fileRef = 4D6A5A64266D5181003F7CB8 /* PostListInteractor.swift */; };
		4D6A5A6D266D5C74003F7CB8 /* PostListCell.swift in Sources */ = {isa = PBXBuildFile; fileRef = 4D6A5A6C266D5C74003F7CB8 /* PostListCell.swift */; };
		4D768A8F266D36300019279B /* ApplicationAssembly.swift in Sources */ = {isa = PBXBuildFile; fileRef = 4D768A8E266D36300019279B /* ApplicationAssembly.swift */; };
		4D768A91266D36480019279B /* PresentationAssembly.swift in Sources */ = {isa = PBXBuildFile; fileRef = 4D768A90266D36480019279B /* PresentationAssembly.swift */; };
		4D768A93266D36630019279B /* ServiceAssembly.swift in Sources */ = {isa = PBXBuildFile; fileRef = 4D768A92266D36630019279B /* ServiceAssembly.swift */; };
		4D768A95266D36780019279B /* CoreAssembly.swift in Sources */ = {isa = PBXBuildFile; fileRef = 4D768A94266D36780019279B /* CoreAssembly.swift */; };
		4DAF31A9266D32F700E492E2 /* AppDelegate.swift in Sources */ = {isa = PBXBuildFile; fileRef = 4DAF31A8266D32F700E492E2 /* AppDelegate.swift */; };
		4DAF31AB266D32F700E492E2 /* SceneDelegate.swift in Sources */ = {isa = PBXBuildFile; fileRef = 4DAF31AA266D32F700E492E2 /* SceneDelegate.swift */; };
		4DAF31B2266D32FA00E492E2 /* Assets.xcassets in Resources */ = {isa = PBXBuildFile; fileRef = 4DAF31B1266D32FA00E492E2 /* Assets.xcassets */; };
		4DAF31B5266D32FA00E492E2 /* LaunchScreen.storyboard in Resources */ = {isa = PBXBuildFile; fileRef = 4DAF31B3266D32FA00E492E2 /* LaunchScreen.storyboard */; };
/* End PBXBuildFile section */

/* Begin PBXFileReference section */
		4D6A5A30266D40F9003F7CB8 /* ApiEndpointItem.swift */ = {isa = PBXFileReference; lastKnownFileType = sourcecode.swift; path = ApiEndpointItem.swift; sourceTree = "<group>"; };
		4D6A5A32266D4161003F7CB8 /* NetworkEnvironment.swift */ = {isa = PBXFileReference; lastKnownFileType = sourcecode.swift; path = NetworkEnvironment.swift; sourceTree = "<group>"; };
		4D6A5A34266D4282003F7CB8 /* ApiManager.swift */ = {isa = PBXFileReference; lastKnownFileType = sourcecode.swift; path = ApiManager.swift; sourceTree = "<group>"; };
		4D6A5A36266D48BC003F7CB8 /* PostListService.swift */ = {isa = PBXFileReference; lastKnownFileType = sourcecode.swift; path = PostListService.swift; sourceTree = "<group>"; };
		4D6A5A3B266D4A29003F7CB8 /* APIResponse.swift */ = {isa = PBXFileReference; lastKnownFileType = sourcecode.swift; path = APIResponse.swift; sourceTree = "<group>"; };
		4D6A5A3F266D4B0B003F7CB8 /* PostListModel.swift */ = {isa = PBXFileReference; lastKnownFileType = sourcecode.swift; path = PostListModel.swift; sourceTree = "<group>"; };
		4D6A5A41266D4B34003F7CB8 /* PostModel.swift */ = {isa = PBXFileReference; lastKnownFileType = sourcecode.swift; path = PostModel.swift; sourceTree = "<group>"; };
		4D6A5A43266D4C37003F7CB8 /* PostTypeModel.swift */ = {isa = PBXFileReference; lastKnownFileType = sourcecode.swift; path = PostTypeModel.swift; sourceTree = "<group>"; };
		4D6A5A45266D4C98003F7CB8 /* ContentModel.swift */ = {isa = PBXFileReference; lastKnownFileType = sourcecode.swift; path = ContentModel.swift; sourceTree = "<group>"; };
		4D6A5A47266D4CD2003F7CB8 /* ContentDataModel.swift */ = {isa = PBXFileReference; lastKnownFileType = sourcecode.swift; path = ContentDataModel.swift; sourceTree = "<group>"; };
		4D6A5A49266D4D06003F7CB8 /* ExtraLargeModel.swift */ = {isa = PBXFileReference; lastKnownFileType = sourcecode.swift; path = ExtraLargeModel.swift; sourceTree = "<group>"; };
		4D6A5A4B266D4D26003F7CB8 /* SizeModel.swift */ = {isa = PBXFileReference; lastKnownFileType = sourcecode.swift; path = SizeModel.swift; sourceTree = "<group>"; };
		4D6A5A4D266D4D44003F7CB8 /* PreviewImageModel.swift */ = {isa = PBXFileReference; lastKnownFileType = sourcecode.swift; path = PreviewImageModel.swift; sourceTree = "<group>"; };
		4D6A5A4F266D4D72003F7CB8 /* BannerTypeModel.swift */ = {isa = PBXFileReference; lastKnownFileType = sourcecode.swift; path = BannerTypeModel.swift; sourceTree = "<group>"; };
		4D6A5A51266D4DB6003F7CB8 /* AuthorModel.swift */ = {isa = PBXFileReference; lastKnownFileType = sourcecode.swift; path = AuthorModel.swift; sourceTree = "<group>"; };
		4D6A5A53266D4DFD003F7CB8 /* PhotoModel.swift */ = {isa = PBXFileReference; lastKnownFileType = sourcecode.swift; path = PhotoModel.swift; sourceTree = "<group>"; };
		4D6A5A55266D4E18003F7CB8 /* PhotoDataModel.swift */ = {isa = PBXFileReference; lastKnownFileType = sourcecode.swift; path = PhotoDataModel.swift; sourceTree = "<group>"; };
		4D6A5A57266D4E47003F7CB8 /* StatsModel.swift */ = {isa = PBXFileReference; lastKnownFileType = sourcecode.swift; path = StatsModel.swift; sourceTree = "<group>"; };
		4D6A5A59266D4E83003F7CB8 /* CommentsModel.swift */ = {isa = PBXFileReference; lastKnownFileType = sourcecode.swift; path = CommentsModel.swift; sourceTree = "<group>"; };
		4D6A5A5F266D5181003F7CB8 /* PostListPresenter.swift */ = {isa = PBXFileReference; lastKnownFileType = sourcecode.swift; path = PostListPresenter.swift; sourceTree = "<group>"; };
		4D6A5A61266D5181003F7CB8 /* PostListRouter.swift */ = {isa = PBXFileReference; lastKnownFileType = sourcecode.swift; path = PostListRouter.swift; sourceTree = "<group>"; };
		4D6A5A62266D5181003F7CB8 /* PostListModels.swift */ = {isa = PBXFileReference; lastKnownFileType = sourcecode.swift; path = PostListModels.swift; sourceTree = "<group>"; };
		4D6A5A63266D5181003F7CB8 /* PostListViewController.swift */ = {isa = PBXFileReference; lastKnownFileType = sourcecode.swift; path = PostListViewController.swift; sourceTree = "<group>"; };
		4D6A5A64266D5181003F7CB8 /* PostListInteractor.swift */ = {isa = PBXFileReference; lastKnownFileType = sourcecode.swift; path = PostListInteractor.swift; sourceTree = "<group>"; };
		4D6A5A6C266D5C74003F7CB8 /* PostListCell.swift */ = {isa = PBXFileReference; lastKnownFileType = sourcecode.swift; path = PostListCell.swift; sourceTree = "<group>"; };
		4D768A8E266D36300019279B /* ApplicationAssembly.swift */ = {isa = PBXFileReference; lastKnownFileType = sourcecode.swift; path = ApplicationAssembly.swift; sourceTree = "<group>"; };
		4D768A90266D36480019279B /* PresentationAssembly.swift */ = {isa = PBXFileReference; lastKnownFileType = sourcecode.swift; path = PresentationAssembly.swift; sourceTree = "<group>"; };
		4D768A92266D36630019279B /* ServiceAssembly.swift */ = {isa = PBXFileReference; lastKnownFileType = sourcecode.swift; path = ServiceAssembly.swift; sourceTree = "<group>"; };
		4D768A94266D36780019279B /* CoreAssembly.swift */ = {isa = PBXFileReference; lastKnownFileType = sourcecode.swift; path = CoreAssembly.swift; sourceTree = "<group>"; };
		4DAF31A5266D32F700E492E2 /* AnonymTestApp.app */ = {isa = PBXFileReference; explicitFileType = wrapper.application; includeInIndex = 0; path = AnonymTestApp.app; sourceTree = BUILT_PRODUCTS_DIR; };
		4DAF31A8266D32F700E492E2 /* AppDelegate.swift */ = {isa = PBXFileReference; lastKnownFileType = sourcecode.swift; path = AppDelegate.swift; sourceTree = "<group>"; };
		4DAF31AA266D32F700E492E2 /* SceneDelegate.swift */ = {isa = PBXFileReference; lastKnownFileType = sourcecode.swift; path = SceneDelegate.swift; sourceTree = "<group>"; };
		4DAF31B1266D32FA00E492E2 /* Assets.xcassets */ = {isa = PBXFileReference; lastKnownFileType = folder.assetcatalog; path = Assets.xcassets; sourceTree = "<group>"; };
		4DAF31B4266D32FA00E492E2 /* Base */ = {isa = PBXFileReference; lastKnownFileType = file.storyboard; name = Base; path = Base.lproj/LaunchScreen.storyboard; sourceTree = "<group>"; };
		4DAF31B6266D32FA00E492E2 /* Info.plist */ = {isa = PBXFileReference; lastKnownFileType = text.plist.xml; path = Info.plist; sourceTree = "<group>"; };
/* End PBXFileReference section */

/* Begin PBXFrameworksBuildPhase section */
		4DAF31A2266D32F700E492E2 /* Frameworks */ = {
			isa = PBXFrameworksBuildPhase;
			buildActionMask = 2147483647;
			files = (
			);
			runOnlyForDeploymentPostprocessing = 0;
		};
/* End PBXFrameworksBuildPhase section */

/* Begin PBXGroup section */
		4D6A5A2F266D40CC003F7CB8 /* AnonymApiManager */ = {
			isa = PBXGroup;
			children = (
				4D6A5A3A266D4A0D003F7CB8 /* Models */,
				4D6A5A30266D40F9003F7CB8 /* ApiEndpointItem.swift */,
				4D6A5A32266D4161003F7CB8 /* NetworkEnvironment.swift */,
				4D6A5A34266D4282003F7CB8 /* ApiManager.swift */,
			);
			path = AnonymApiManager;
			sourceTree = "<group>";
		};
		4D6A5A38266D48C2003F7CB8 /* PostListService */ = {
			isa = PBXGroup;
			children = (
				4D6A5A39266D48CE003F7CB8 /* Models */,
				4D6A5A36266D48BC003F7CB8 /* PostListService.swift */,
			);
			path = PostListService;
			sourceTree = "<group>";
		};
		4D6A5A39266D48CE003F7CB8 /* Models */ = {
			isa = PBXGroup;
			children = (
				4D6A5A3F266D4B0B003F7CB8 /* PostListModel.swift */,
				4D6A5A41266D4B34003F7CB8 /* PostModel.swift */,
				4D6A5A43266D4C37003F7CB8 /* PostTypeModel.swift */,
				4D6A5A45266D4C98003F7CB8 /* ContentModel.swift */,
				4D6A5A47266D4CD2003F7CB8 /* ContentDataModel.swift */,
				4D6A5A49266D4D06003F7CB8 /* ExtraLargeModel.swift */,
				4D6A5A4B266D4D26003F7CB8 /* SizeModel.swift */,
				4D6A5A4D266D4D44003F7CB8 /* PreviewImageModel.swift */,
				4D6A5A4F266D4D72003F7CB8 /* BannerTypeModel.swift */,
				4D6A5A51266D4DB6003F7CB8 /* AuthorModel.swift */,
				4D6A5A53266D4DFD003F7CB8 /* PhotoModel.swift */,
				4D6A5A55266D4E18003F7CB8 /* PhotoDataModel.swift */,
				4D6A5A57266D4E47003F7CB8 /* StatsModel.swift */,
				4D6A5A59266D4E83003F7CB8 /* CommentsModel.swift */,
			);
			path = Models;
			sourceTree = "<group>";
		};
		4D6A5A3A266D4A0D003F7CB8 /* Models */ = {
			isa = PBXGroup;
			children = (
				4D6A5A3B266D4A29003F7CB8 /* APIResponse.swift */,
			);
			path = Models;
			sourceTree = "<group>";
		};
		4D6A5A5D266D5161003F7CB8 /* Scenes */ = {
			isa = PBXGroup;
			children = (
				4D6A5A5E266D5169003F7CB8 /* PostList */,
			);
			path = Scenes;
			sourceTree = "<group>";
		};
		4D6A5A5E266D5169003F7CB8 /* PostList */ = {
			isa = PBXGroup;
			children = (
				4D6A5A6B266D5C55003F7CB8 /* Cells */,
				4D6A5A5F266D5181003F7CB8 /* PostListPresenter.swift */,
				4D6A5A61266D5181003F7CB8 /* PostListRouter.swift */,
				4D6A5A62266D5181003F7CB8 /* PostListModels.swift */,
				4D6A5A63266D5181003F7CB8 /* PostListViewController.swift */,
				4D6A5A64266D5181003F7CB8 /* PostListInteractor.swift */,
			);
			path = PostList;
			sourceTree = "<group>";
		};
		4D6A5A6B266D5C55003F7CB8 /* Cells */ = {
			isa = PBXGroup;
			children = (
				4D6A5A6C266D5C74003F7CB8 /* PostListCell.swift */,
			);
			path = Cells;
			sourceTree = "<group>";
		};
		4D768A84266D35000019279B /* CoreLayer */ = {
			isa = PBXGroup;
			children = (
				4D768A8D266D35A50019279B /* Assembly */,
				4D6A5A2F266D40CC003F7CB8 /* AnonymApiManager */,
			);
			path = CoreLayer;
			sourceTree = "<group>";
		};
		4D768A85266D350A0019279B /* ServiceLayer */ = {
			isa = PBXGroup;
			children = (
				4D768A8C266D359E0019279B /* Assembly */,
				4D6A5A38266D48C2003F7CB8 /* PostListService */,
			);
			path = ServiceLayer;
			sourceTree = "<group>";
		};
		4D768A86266D35100019279B /* PresentationLayer */ = {
			isa = PBXGroup;
			children = (
				4D768A8B266D35930019279B /* Assembly */,
				4D6A5A5D266D5161003F7CB8 /* Scenes */,
				4D768A89266D35730019279B /* Storyboards */,
			);
			path = PresentationLayer;
			sourceTree = "<group>";
		};
		4D768A87266D351B0019279B /* Resourses */ = {
			isa = PBXGroup;
			children = (
				4DAF31B1266D32FA00E492E2 /* Assets.xcassets */,
			);
			path = Resourses;
			sourceTree = "<group>";
		};
		4D768A88266D35420019279B /* ApplicationSetup */ = {
			isa = PBXGroup;
			children = (
				4DAF31A8266D32F700E492E2 /* AppDelegate.swift */,
				4DAF31AA266D32F700E492E2 /* SceneDelegate.swift */,
				4D768A8E266D36300019279B /* ApplicationAssembly.swift */,
			);
			path = ApplicationSetup;
			sourceTree = "<group>";
		};
		4D768A89266D35730019279B /* Storyboards */ = {
			isa = PBXGroup;
			children = (
				4DAF31B3266D32FA00E492E2 /* LaunchScreen.storyboard */,
			);
			path = Storyboards;
			sourceTree = "<group>";
		};
		4D768A8B266D35930019279B /* Assembly */ = {
			isa = PBXGroup;
			children = (
				4D768A90266D36480019279B /* PresentationAssembly.swift */,
			);
			path = Assembly;
			sourceTree = "<group>";
		};
		4D768A8C266D359E0019279B /* Assembly */ = {
			isa = PBXGroup;
			children = (
				4D768A92266D36630019279B /* ServiceAssembly.swift */,
			);
			path = Assembly;
			sourceTree = "<group>";
		};
		4D768A8D266D35A50019279B /* Assembly */ = {
			isa = PBXGroup;
			children = (
				4D768A94266D36780019279B /* CoreAssembly.swift */,
			);
			path = Assembly;
			sourceTree = "<group>";
		};
		4DAF319C266D32F700E492E2 = {
			isa = PBXGroup;
			children = (
				4DAF31A7266D32F700E492E2 /* AnonymTestApp */,
				4DAF31A6266D32F700E492E2 /* Products */,
			);
			sourceTree = "<group>";
		};
		4DAF31A6266D32F700E492E2 /* Products */ = {
			isa = PBXGroup;
			children = (
				4DAF31A5266D32F700E492E2 /* AnonymTestApp.app */,
			);
			name = Products;
			sourceTree = "<group>";
		};
		4DAF31A7266D32F700E492E2 /* AnonymTestApp */ = {
			isa = PBXGroup;
			children = (
				4D768A86266D35100019279B /* PresentationLayer */,
				4D768A85266D350A0019279B /* ServiceLayer */,
				4D768A84266D35000019279B /* CoreLayer */,
				4D768A88266D35420019279B /* ApplicationSetup */,
				4D768A87266D351B0019279B /* Resourses */,
				4DAF31B6266D32FA00E492E2 /* Info.plist */,
			);
			path = AnonymTestApp;
			sourceTree = "<group>";
		};
/* End PBXGroup section */

/* Begin PBXNativeTarget section */
		4DAF31A4266D32F700E492E2 /* AnonymTestApp */ = {
			isa = PBXNativeTarget;
			buildConfigurationList = 4DAF31B9266D32FA00E492E2 /* Build configuration list for PBXNativeTarget "AnonymTestApp" */;
			buildPhases = (
				4DAF31A1266D32F700E492E2 /* Sources */,
				4DAF31A2266D32F700E492E2 /* Frameworks */,
				4DAF31A3266D32F700E492E2 /* Resources */,
				4D768A96266D38530019279B /* ShellScript */,
			);
			buildRules = (
			);
			dependencies = (
			);
			name = AnonymTestApp;
			productName = AnonymTestApp;
			productReference = 4DAF31A5266D32F700E492E2 /* AnonymTestApp.app */;
			productType = "com.apple.product-type.application";
		};
/* End PBXNativeTarget section */

/* Begin PBXProject section */
		4DAF319D266D32F700E492E2 /* Project object */ = {
			isa = PBXProject;
			attributes = {
				LastSwiftUpdateCheck = 1250;
				LastUpgradeCheck = 1250;
				TargetAttributes = {
					4DAF31A4266D32F700E492E2 = {
						CreatedOnToolsVersion = 12.5;
					};
				};
			};
			buildConfigurationList = 4DAF31A0266D32F700E492E2 /* Build configuration list for PBXProject "AnonymTestApp" */;
			compatibilityVersion = "Xcode 9.3";
			developmentRegion = en;
			hasScannedForEncodings = 0;
			knownRegions = (
				en,
				Base,
			);
			mainGroup = 4DAF319C266D32F700E492E2;
			productRefGroup = 4DAF31A6266D32F700E492E2 /* Products */;
			projectDirPath = "";
			projectRoot = "";
			targets = (
				4DAF31A4266D32F700E492E2 /* AnonymTestApp */,
			);
		};
/* End PBXProject section */

/* Begin PBXResourcesBuildPhase section */
		4DAF31A3266D32F700E492E2 /* Resources */ = {
			isa = PBXResourcesBuildPhase;
			buildActionMask = 2147483647;
			files = (
				4DAF31B5266D32FA00E492E2 /* LaunchScreen.storyboard in Resources */,
				4DAF31B2266D32FA00E492E2 /* Assets.xcassets in Resources */,
			);
			runOnlyForDeploymentPostprocessing = 0;
		};
/* End PBXResourcesBuildPhase section */

/* Begin PBXShellScriptBuildPhase section */
		4D768A96266D38530019279B /* ShellScript */ = {
			isa = PBXShellScriptBuildPhase;
			buildActionMask = 2147483647;
			files = (
			);
			inputFileListPaths = (
			);
			inputPaths = (
			);
			outputFileListPaths = (
			);
			outputPaths = (
			);
			runOnlyForDeploymentPostprocessing = 0;
			shellPath = /bin/sh;
			shellScript = "# Type a script or drag a script file from your workspace to insert its path.\nif which swiftlint >/dev/null; then\n  swiftlint autocorrect\nelse\n  echo \"warning: SwiftLint not installed, download from https://github.com/realm/SwiftLint\"\nfi\n";
		};
/* End PBXShellScriptBuildPhase section */

/* Begin PBXSourcesBuildPhase section */
		4DAF31A1266D32F700E492E2 /* Sources */ = {
			isa = PBXSourcesBuildPhase;
			buildActionMask = 2147483647;
			files = (
				4D768A8F266D36300019279B /* ApplicationAssembly.swift in Sources */,
				4D6A5A40266D4B0B003F7CB8 /* PostListModel.swift in Sources */,
				4D6A5A48266D4CD2003F7CB8 /* ContentDataModel.swift in Sources */,
				4D6A5A5A266D4E83003F7CB8 /* CommentsModel.swift in Sources */,
				4D6A5A42266D4B34003F7CB8 /* PostModel.swift in Sources */,
				4D6A5A35266D4282003F7CB8 /* ApiManager.swift in Sources */,
				4D6A5A37266D48BC003F7CB8 /* PostListService.swift in Sources */,
				4D6A5A54266D4DFD003F7CB8 /* PhotoModel.swift in Sources */,
				4D6A5A31266D40F9003F7CB8 /* ApiEndpointItem.swift in Sources */,
				4D6A5A3C266D4A29003F7CB8 /* APIResponse.swift in Sources */,
				4D6A5A68266D5181003F7CB8 /* PostListModels.swift in Sources */,
				4D6A5A44266D4C37003F7CB8 /* PostTypeModel.swift in Sources */,
				4D6A5A69266D5181003F7CB8 /* PostListViewController.swift in Sources */,
				4D6A5A52266D4DB6003F7CB8 /* AuthorModel.swift in Sources */,
				4D6A5A6D266D5C74003F7CB8 /* PostListCell.swift in Sources */,
				4D6A5A56266D4E18003F7CB8 /* PhotoDataModel.swift in Sources */,
				4D6A5A6A266D5181003F7CB8 /* PostListInteractor.swift in Sources */,
				4D6A5A46266D4C98003F7CB8 /* ContentModel.swift in Sources */,
				4DAF31A9266D32F700E492E2 /* AppDelegate.swift in Sources */,
				4D6A5A4E266D4D44003F7CB8 /* PreviewImageModel.swift in Sources */,
				4D6A5A4A266D4D06003F7CB8 /* ExtraLargeModel.swift in Sources */,
				4D6A5A67266D5181003F7CB8 /* PostListRouter.swift in Sources */,
				4D6A5A33266D4161003F7CB8 /* NetworkEnvironment.swift in Sources */,
				4D6A5A4C266D4D26003F7CB8 /* SizeModel.swift in Sources */,
				4D768A93266D36630019279B /* ServiceAssembly.swift in Sources */,
				4D6A5A50266D4D72003F7CB8 /* BannerTypeModel.swift in Sources */,
				4D768A91266D36480019279B /* PresentationAssembly.swift in Sources */,
				4D768A95266D36780019279B /* CoreAssembly.swift in Sources */,
				4DAF31AB266D32F700E492E2 /* SceneDelegate.swift in Sources */,
				4D6A5A58266D4E47003F7CB8 /* StatsModel.swift in Sources */,
				4D6A5A65266D5181003F7CB8 /* PostListPresenter.swift in Sources */,
			);
			runOnlyForDeploymentPostprocessing = 0;
		};
/* End PBXSourcesBuildPhase section */

/* Begin PBXVariantGroup section */
		4DAF31B3266D32FA00E492E2 /* LaunchScreen.storyboard */ = {
			isa = PBXVariantGroup;
			children = (
				4DAF31B4266D32FA00E492E2 /* Base */,
			);
			name = LaunchScreen.storyboard;
			sourceTree = "<group>";
		};
/* End PBXVariantGroup section */

/* Begin XCBuildConfiguration section */
		4DAF31B7266D32FA00E492E2 /* Debug */ = {
			isa = XCBuildConfiguration;
			buildSettings = {
				ALWAYS_SEARCH_USER_PATHS = NO;
				CLANG_ANALYZER_NONNULL = YES;
				CLANG_ANALYZER_NUMBER_OBJECT_CONVERSION = YES_AGGRESSIVE;
				CLANG_CXX_LANGUAGE_STANDARD = "gnu++14";
				CLANG_CXX_LIBRARY = "libc++";
				CLANG_ENABLE_MODULES = YES;
				CLANG_ENABLE_OBJC_ARC = YES;
				CLANG_ENABLE_OBJC_WEAK = YES;
				CLANG_WARN_BLOCK_CAPTURE_AUTORELEASING = YES;
				CLANG_WARN_BOOL_CONVERSION = YES;
				CLANG_WARN_COMMA = YES;
				CLANG_WARN_CONSTANT_CONVERSION = YES;
				CLANG_WARN_DEPRECATED_OBJC_IMPLEMENTATIONS = YES;
				CLANG_WARN_DIRECT_OBJC_ISA_USAGE = YES_ERROR;
				CLANG_WARN_DOCUMENTATION_COMMENTS = YES;
				CLANG_WARN_EMPTY_BODY = YES;
				CLANG_WARN_ENUM_CONVERSION = YES;
				CLANG_WARN_INFINITE_RECURSION = YES;
				CLANG_WARN_INT_CONVERSION = YES;
				CLANG_WARN_NON_LITERAL_NULL_CONVERSION = YES;
				CLANG_WARN_OBJC_IMPLICIT_RETAIN_SELF = YES;
				CLANG_WARN_OBJC_LITERAL_CONVERSION = YES;
				CLANG_WARN_OBJC_ROOT_CLASS = YES_ERROR;
				CLANG_WARN_QUOTED_INCLUDE_IN_FRAMEWORK_HEADER = YES;
				CLANG_WARN_RANGE_LOOP_ANALYSIS = YES;
				CLANG_WARN_STRICT_PROTOTYPES = YES;
				CLANG_WARN_SUSPICIOUS_MOVE = YES;
				CLANG_WARN_UNGUARDED_AVAILABILITY = YES_AGGRESSIVE;
				CLANG_WARN_UNREACHABLE_CODE = YES;
				CLANG_WARN__DUPLICATE_METHOD_MATCH = YES;
				COPY_PHASE_STRIP = NO;
				DEBUG_INFORMATION_FORMAT = dwarf;
				ENABLE_STRICT_OBJC_MSGSEND = YES;
				ENABLE_TESTABILITY = YES;
				GCC_C_LANGUAGE_STANDARD = gnu11;
				GCC_DYNAMIC_NO_PIC = NO;
				GCC_NO_COMMON_BLOCKS = YES;
				GCC_OPTIMIZATION_LEVEL = 0;
				GCC_PREPROCESSOR_DEFINITIONS = (
					"DEBUG=1",
					"$(inherited)",
				);
				GCC_WARN_64_TO_32_BIT_CONVERSION = YES;
				GCC_WARN_ABOUT_RETURN_TYPE = YES_ERROR;
				GCC_WARN_UNDECLARED_SELECTOR = YES;
				GCC_WARN_UNINITIALIZED_AUTOS = YES_AGGRESSIVE;
				GCC_WARN_UNUSED_FUNCTION = YES;
				GCC_WARN_UNUSED_VARIABLE = YES;
				IPHONEOS_DEPLOYMENT_TARGET = 14.5;
				MTL_ENABLE_DEBUG_INFO = INCLUDE_SOURCE;
				MTL_FAST_MATH = YES;
				ONLY_ACTIVE_ARCH = YES;
				SDKROOT = iphoneos;
				SWIFT_ACTIVE_COMPILATION_CONDITIONS = DEBUG;
				SWIFT_OPTIMIZATION_LEVEL = "-Onone";
			};
			name = Debug;
		};
		4DAF31B8266D32FA00E492E2 /* Release */ = {
			isa = XCBuildConfiguration;
			buildSettings = {
				ALWAYS_SEARCH_USER_PATHS = NO;
				CLANG_ANALYZER_NONNULL = YES;
				CLANG_ANALYZER_NUMBER_OBJECT_CONVERSION = YES_AGGRESSIVE;
				CLANG_CXX_LANGUAGE_STANDARD = "gnu++14";
				CLANG_CXX_LIBRARY = "libc++";
				CLANG_ENABLE_MODULES = YES;
				CLANG_ENABLE_OBJC_ARC = YES;
				CLANG_ENABLE_OBJC_WEAK = YES;
				CLANG_WARN_BLOCK_CAPTURE_AUTORELEASING = YES;
				CLANG_WARN_BOOL_CONVERSION = YES;
				CLANG_WARN_COMMA = YES;
				CLANG_WARN_CONSTANT_CONVERSION = YES;
				CLANG_WARN_DEPRECATED_OBJC_IMPLEMENTATIONS = YES;
				CLANG_WARN_DIRECT_OBJC_ISA_USAGE = YES_ERROR;
				CLANG_WARN_DOCUMENTATION_COMMENTS = YES;
				CLANG_WARN_EMPTY_BODY = YES;
				CLANG_WARN_ENUM_CONVERSION = YES;
				CLANG_WARN_INFINITE_RECURSION = YES;
				CLANG_WARN_INT_CONVERSION = YES;
				CLANG_WARN_NON_LITERAL_NULL_CONVERSION = YES;
				CLANG_WARN_OBJC_IMPLICIT_RETAIN_SELF = YES;
				CLANG_WARN_OBJC_LITERAL_CONVERSION = YES;
				CLANG_WARN_OBJC_ROOT_CLASS = YES_ERROR;
				CLANG_WARN_QUOTED_INCLUDE_IN_FRAMEWORK_HEADER = YES;
				CLANG_WARN_RANGE_LOOP_ANALYSIS = YES;
				CLANG_WARN_STRICT_PROTOTYPES = YES;
				CLANG_WARN_SUSPICIOUS_MOVE = YES;
				CLANG_WARN_UNGUARDED_AVAILABILITY = YES_AGGRESSIVE;
				CLANG_WARN_UNREACHABLE_CODE = YES;
				CLANG_WARN__DUPLICATE_METHOD_MATCH = YES;
				COPY_PHASE_STRIP = NO;
				DEBUG_INFORMATION_FORMAT = "dwarf-with-dsym";
				ENABLE_NS_ASSERTIONS = NO;
				ENABLE_STRICT_OBJC_MSGSEND = YES;
				GCC_C_LANGUAGE_STANDARD = gnu11;
				GCC_NO_COMMON_BLOCKS = YES;
				GCC_WARN_64_TO_32_BIT_CONVERSION = YES;
				GCC_WARN_ABOUT_RETURN_TYPE = YES_ERROR;
				GCC_WARN_UNDECLARED_SELECTOR = YES;
				GCC_WARN_UNINITIALIZED_AUTOS = YES_AGGRESSIVE;
				GCC_WARN_UNUSED_FUNCTION = YES;
				GCC_WARN_UNUSED_VARIABLE = YES;
				IPHONEOS_DEPLOYMENT_TARGET = 14.5;
				MTL_ENABLE_DEBUG_INFO = NO;
				MTL_FAST_MATH = YES;
				SDKROOT = iphoneos;
				SWIFT_COMPILATION_MODE = wholemodule;
				SWIFT_OPTIMIZATION_LEVEL = "-O";
				VALIDATE_PRODUCT = YES;
			};
			name = Release;
		};
		4DAF31BA266D32FA00E492E2 /* Debug */ = {
			isa = XCBuildConfiguration;
			buildSettings = {
				ASSETCATALOG_COMPILER_APPICON_NAME = AppIcon;
				ASSETCATALOG_COMPILER_GLOBAL_ACCENT_COLOR_NAME = AccentColor;
				CODE_SIGN_STYLE = Automatic;
				DEVELOPMENT_TEAM = 64MBB6D8RY;
				INFOPLIST_FILE = AnonymTestApp/Info.plist;
				LD_RUNPATH_SEARCH_PATHS = (
					"$(inherited)",
					"@executable_path/Frameworks",
				);
				PRODUCT_BUNDLE_IDENTIFIER = com.dmsezv.AnonymTestApp;
				PRODUCT_NAME = "$(TARGET_NAME)";
				SWIFT_VERSION = 5.0;
				TARGETED_DEVICE_FAMILY = 1;
			};
			name = Debug;
		};
		4DAF31BB266D32FA00E492E2 /* Release */ = {
			isa = XCBuildConfiguration;
			buildSettings = {
				ASSETCATALOG_COMPILER_APPICON_NAME = AppIcon;
				ASSETCATALOG_COMPILER_GLOBAL_ACCENT_COLOR_NAME = AccentColor;
				CODE_SIGN_STYLE = Automatic;
				DEVELOPMENT_TEAM = 64MBB6D8RY;
				INFOPLIST_FILE = AnonymTestApp/Info.plist;
				LD_RUNPATH_SEARCH_PATHS = (
					"$(inherited)",
					"@executable_path/Frameworks",
				);
				PRODUCT_BUNDLE_IDENTIFIER = com.dmsezv.AnonymTestApp;
				PRODUCT_NAME = "$(TARGET_NAME)";
				SWIFT_VERSION = 5.0;
				TARGETED_DEVICE_FAMILY = 1;
			};
			name = Release;
		};
/* End XCBuildConfiguration section */

/* Begin XCConfigurationList section */
		4DAF31A0266D32F700E492E2 /* Build configuration list for PBXProject "AnonymTestApp" */ = {
			isa = XCConfigurationList;
			buildConfigurations = (
				4DAF31B7266D32FA00E492E2 /* Debug */,
				4DAF31B8266D32FA00E492E2 /* Release */,
			);
			defaultConfigurationIsVisible = 0;
			defaultConfigurationName = Release;
		};
		4DAF31B9266D32FA00E492E2 /* Build configuration list for PBXNativeTarget "AnonymTestApp" */ = {
			isa = XCConfigurationList;
			buildConfigurations = (
				4DAF31BA266D32FA00E492E2 /* Debug */,
				4DAF31BB266D32FA00E492E2 /* Release */,
			);
			defaultConfigurationIsVisible = 0;
			defaultConfigurationName = Release;
		};
/* End XCConfigurationList section */
	};
	rootObject = 4DAF319D266D32F700E492E2 /* Project object */;
}
